
Microsoft Visual Studio Solution File, Format Version 12.00
Project("{FAE04EC0-301F-11D3-BF4B-00C04F79EFBC}") = "HashTable_Test1", "HashTable_Test1\HashTable_Test1.csproj", "{C666BC54-83F0-4C00-B339-A01645692E36}"
EndProject
Global
	GlobalSection(SolutionConfigurationPlatforms) = preSolution
		Debug|Any CPU = Debug|Any CPU
		Release|Any CPU = Release|Any CPU
	EndGlobalSection
	GlobalSection(ProjectConfigurationPlatforms) = postSolution
		{C666BC54-83F0-4C00-B339-A01645692E36}.Debug|Any CPU.ActiveCfg = Debug|Any CPU
		{C666BC54-83F0-4C00-B339-A01645692E36}.Debug|Any CPU.Build.0 = Debug|Any CPU
		{C666BC54-83F0-4C00-B339-A01645692E36}.Release|Any CPU.ActiveCfg = Release|Any CPU
		{C666BC54-83F0-4C00-B339-A01645692E36}.Release|Any CPU.Build.0 = Release|Any CPU
	EndGlobalSection
EndGlobal
